
Microsoft Visual Studio Solution File, Format Version 12.00
# Visual Studio Version 17
VisualStudioVersion = 17.2.32616.157
MinimumVisualStudioVersion = 10.0.40219.1
Project("{9A19103F-16F7-4668-BE54-9A1E7A4F7556}") = "HelloWorld", "HelloWorld\HelloWorld.csproj", "{0DFFA018-7093-478C-A3D4-4B38CEEE2107}"
EndProject
Project("{FAE04EC0-301F-11D3-BF4B-00C04F79EFBC}") = "OrientObj", "OrientObj\OrientObj.csproj", "{B21656D0-7078-493D-A0BF-7F6243C01CE6}"
EndProject
Global
	GlobalSection(SolutionConfigurationPlatforms) = preSolution
		Debug|Any CPU = Debug|Any CPU
		Release|Any CPU = Release|Any CPU
	EndGlobalSection
	GlobalSection(ProjectConfigurationPlatforms) = postSolution
		{0DFFA018-7093-478C-A3D4-4B38CEEE2107}.Debug|Any CPU.ActiveCfg = Debug|Any CPU
		{0DFFA018-7093-478C-A3D4-4B38CEEE2107}.Debug|Any CPU.Build.0 = Debug|Any CPU
		{0DFFA018-7093-478C-A3D4-4B38CEEE2107}.Release|Any CPU.ActiveCfg = Release|Any CPU
		{0DFFA018-7093-478C-A3D4-4B38CEEE2107}.Release|Any CPU.Build.0 = Release|Any CPU
		{B21656D0-7078-493D-A0BF-7F6243C01CE6}.Debug|Any CPU.ActiveCfg = Debug|Any CPU
		{B21656D0-7078-493D-A0BF-7F6243C01CE6}.Debug|Any CPU.Build.0 = Debug|Any CPU
		{B21656D0-7078-493D-A0BF-7F6243C01CE6}.Release|Any CPU.ActiveCfg = Release|Any CPU
		{B21656D0-7078-493D-A0BF-7F6243C01CE6}.Release|Any CPU.Build.0 = Release|Any CPU
	EndGlobalSection
	GlobalSection(SolutionProperties) = preSolution
		HideSolutionNode = FALSE
	EndGlobalSection
	GlobalSection(ExtensibilityGlobals) = postSolution
		SolutionGuid = {7522CAB8-7642-4CF5-8A0E-DD51157486E6}
	EndGlobalSection
EndGlobal
